{
  "nodes": {
    "completion-nvim": {
      "flake": false,
      "locked": {
        "lastModified": 1634068787,
        "narHash": "sha256-6um9dye0MLY8K8AAsDksCpy1KbMNSdMuj+zKteSAxR4=",
        "owner": "nvim-lua",
        "repo": "completion-nvim",
        "rev": "87b0f86da3dffef63b42845049c648b5d90f1c4d",
        "type": "github"
      },
      "original": {
        "owner": "nvim-lua",
        "repo": "completion-nvim",
        "type": "github"
      }
    },
    "editorconfig-vim": {
      "flake": false,
      "locked": {
        "lastModified": 1627199038,
        "narHash": "sha256-HFHrm+V296IJh27yJW76DD09ehYc8hMxnnvR9+ddP2M=",
        "owner": "editorconfig",
        "repo": "editorconfig-vim",
        "rev": "3078cd10b28904e57d878c0d0dab42aa0a9fdc89",
        "type": "github"
      },
      "original": {
        "owner": "editorconfig",
        "repo": "editorconfig-vim",
        "type": "github"
      }
    },
    "flake-utils": {
      "locked": {
        "lastModified": 1637014545,
        "narHash": "sha256-26IZAc5yzlD9FlDT54io1oqG/bBoyka+FJk5guaX4x4=",
        "owner": "numtide",
        "repo": "flake-utils",
        "rev": "bba5dcc8e0b20ab664967ad83d24d64cb64ec4f4",
        "type": "github"
      },
      "original": {
        "owner": "numtide",
        "repo": "flake-utils",
        "type": "github"
      }
    },
    "fugitive": {
      "flake": false,
      "locked": {
        "lastModified": 1637605461,
        "narHash": "sha256-+91bVQ5YYzbXW6rr8M4YJ8+pomV3qsRG4+9BWbnutHA=",
        "owner": "tpope",
        "repo": "vim-fugitive",
        "rev": "e82332ee9e140d8959d0b654d2b1c659641ea6d3",
        "type": "github"
      },
      "original": {
        "owner": "tpope",
        "repo": "vim-fugitive",
        "type": "github"
      }
    },
    "github-theme": {
      "flake": false,
      "locked": {
        "lastModified": 1637745423,
        "narHash": "sha256-o7W48/QPt8ACPWYcKl/rOiSjM7jGq2p42gEuB3k68+s=",
        "owner": "projekt0n",
        "repo": "github-nvim-theme",
        "rev": "af158c98003d8c85b12e28426c94437c8e99e299",
        "type": "github"
      },
      "original": {
        "owner": "projekt0n",
        "repo": "github-nvim-theme",
        "type": "github"
      }
    },
    "home-manager": {
      "inputs": {
        "nixpkgs": [
          "nixpkgs"
        ]
      },
      "locked": {
        "lastModified": 1637019201,
        "narHash": "sha256-lq4gz51fx4m5FXfx1SCB444aEBeaYtLMVm3P18Wi9ls=",
        "owner": "nix-community",
        "repo": "home-manager",
        "rev": "bcf03fa16a1f06b8a0abb27bf49afa8d6fffe8f1",
        "type": "github"
      },
      "original": {
        "owner": "nix-community",
        "ref": "release-21.05",
        "repo": "home-manager",
        "type": "github"
      }
    },
    "lightline-vim": {
      "flake": false,
      "locked": {
        "lastModified": 1637503010,
        "narHash": "sha256-OymzH/JHQZ+oevLr/eQS3niZPID9SvR4ZSVNw5nLfFg=",
        "owner": "itchyny",
        "repo": "lightline.vim",
        "rev": "a29b8331e1bb36b09bafa30c3aa77e89cdd832b2",
        "type": "github"
      },
      "original": {
        "owner": "itchyny",
        "repo": "lightline.vim",
        "type": "github"
      }
    },
    "naersk": {
      "inputs": {
        "nixpkgs": [
          "neovim-flake",
          "rnix-lsp",
          "nixpkgs"
        ]
      },
      "locked": {
        "lastModified": 1629707199,
        "narHash": "sha256-sGxlmfp5eXL5sAMNqHSb04Zq6gPl+JeltIZ226OYN0w=",
        "owner": "nmattia",
        "repo": "naersk",
        "rev": "df71f5e4babda41cd919a8684b72218e2e809fa9",
        "type": "github"
      },
      "original": {
        "owner": "nmattia",
        "repo": "naersk",
        "type": "github"
      }
    },
    "neovim": {
      "inputs": {
        "flake-utils": [
          "neovim-flake",
          "flake-utils"
        ],
        "nixpkgs": [
          "neovim-flake",
          "nixpkgs"
        ]
      },
      "locked": {
        "dir": "contrib",
        "lastModified": 1637815542,
        "narHash": "sha256-8Zj8ij2z2HYI/Kw1YOyghluiLdY44gLOZBfxUPVaj/M=",
        "owner": "neovim",
        "repo": "neovim",
        "rev": "b5b025f6a3ad406929c096f63b5f1e7649d3c818",
        "type": "github"
      },
      "original": {
        "dir": "contrib",
        "owner": "neovim",
        "repo": "neovim",
        "type": "github"
      }
    },
    "neovim-flake": {
      "inputs": {
        "completion-nvim": "completion-nvim",
        "editorconfig-vim": "editorconfig-vim",
        "flake-utils": "flake-utils",
        "fugitive": "fugitive",
        "github-theme": "github-theme",
        "lightline-vim": "lightline-vim",
        "neovim": "neovim",
        "nixpkgs": "nixpkgs",
        "nvim-lightbulb": "nvim-lightbulb",
        "nvim-lspconfig": "nvim-lspconfig",
        "nvim-telescope": "nvim-telescope",
        "nvim-treesitter": "nvim-treesitter",
        "nvim-treesitter-context": "nvim-treesitter-context",
        "nvim-web-devicons": "nvim-web-devicons",
        "nvim-which-key": "nvim-which-key",
        "plenary-nvim": "plenary-nvim",
        "popup-nvim": "popup-nvim",
        "rnix-lsp": "rnix-lsp",
        "vim-css-color": "vim-css-color",
        "vim-gitgutter": "vim-gitgutter",
        "vim-nix": "vim-nix",
        "vim-test": "vim-test",
        "vim-tmux-navigator": "vim-tmux-navigator",
        "vimwiki": "vimwiki"
      },
      "locked": {
        "lastModified": 1638471620,
        "narHash": "sha256-hJs/eeUSwPFQTQCtlNrNhSIvF9Xewqvbe0yF2//Pqag=",
        "owner": "wamberg",
        "repo": "neovim-flake",
        "rev": "2370f4680afafb115fbb27ec1e46bb4b59968844",
        "type": "github"
      },
      "original": {
        "owner": "wamberg",
        "repo": "neovim-flake",
        "type": "github"
      }
    },
    "nixos-hardware": {
      "locked": {
        "lastModified": 1637831601,
        "narHash": "sha256-axRY9AehHGXfU52RK3oqDNXd9F92Tm65vEBQir3tRLI=",
        "owner": "NixOS",
        "repo": "nixos-hardware",
        "rev": "aad66afc1cac4a654223f6ba326899c731e57441",
        "type": "github"
      },
      "original": {
        "owner": "NixOS",
        "ref": "master",
        "repo": "nixos-hardware",
        "type": "github"
      }
    },
    "nixpkgs": {
      "locked": {
        "lastModified": 1637593665,
        "narHash": "sha256-R7jKS7A+0tZS8qD5pBr1UFcMiTdsw5bfoxgXbYsoWhM=",
        "owner": "nixos",
        "repo": "nixpkgs",
        "rev": "98747f27ecfee70c8c97b195cbb94df80a074dda",
        "type": "github"
      },
      "original": {
        "owner": "nixos",
        "ref": "nixpkgs-unstable",
        "repo": "nixpkgs",
        "type": "github"
      }
    },
    "nixpkgs_2": {
      "locked": {
        "lastModified": 1630481079,
        "narHash": "sha256-leWXLchbAbqOlLT6tju631G40SzQWPqaAXQG3zH1Imw=",
        "owner": "nixos",
        "repo": "nixpkgs",
        "rev": "110a2c9ebbf5d4a94486854f18a37a938cfacbbb",
        "type": "github"
      },
      "original": {
        "owner": "nixos",
        "ref": "nixos-21.05",
        "repo": "nixpkgs",
        "type": "github"
      }
    },
    "nixpkgs_3": {
      "locked": {
        "lastModified": 1638198142,
        "narHash": "sha256-plU9b8r4St6q4U7VHtG9V7oF8k9fIpfXl/KDaZLuY9k=",
        "owner": "NixOS",
        "repo": "nixpkgs",
        "rev": "8a308775674e178495767df90c419425474582a1",
        "type": "github"
      },
      "original": {
        "id": "nixpkgs",
        "ref": "nixos-unstable",
        "type": "indirect"
      }
    },
    "nvim-lightbulb": {
      "flake": false,
      "locked": {
        "lastModified": 1636766265,
        "narHash": "sha256-vxxYKJzX8hsky32Z+Tr3qYYCS0+3TDiQIg2U8/4U2qo=",
        "owner": "kosayoda",
        "repo": "nvim-lightbulb",
        "rev": "cd5267d2d708e908dbd668c7de74e1325eb1e1da",
        "type": "github"
      },
      "original": {
        "owner": "kosayoda",
        "repo": "nvim-lightbulb",
        "type": "github"
      }
    },
    "nvim-lspconfig": {
      "flake": false,
      "locked": {
        "lastModified": 1637797949,
        "narHash": "sha256-YF4sUkbkWWwk+urMy18SRXelWO+xIUIvVHKJ0PnVQgA=",
        "owner": "neovim",
        "repo": "nvim-lspconfig",
        "rev": "8b0176da95494f245f7cd7d630bc63303031ce8a",
        "type": "github"
      },
      "original": {
        "owner": "neovim",
        "repo": "nvim-lspconfig",
        "type": "github"
      }
    },
    "nvim-telescope": {
      "flake": false,
      "locked": {
        "lastModified": 1637707885,
        "narHash": "sha256-sYh4ORqKtdohytBc4/y0SXxm1/fcwPMlSKQi3pk+9mI=",
        "owner": "nvim-telescope",
        "repo": "telescope.nvim",
        "rev": "1c57cc6140644695f0d9bd71b63de45feeca6ae7",
        "type": "github"
      },
      "original": {
        "owner": "nvim-telescope",
        "repo": "telescope.nvim",
        "type": "github"
      }
    },
    "nvim-treesitter": {
      "flake": false,
      "locked": {
        "lastModified": 1637773789,
        "narHash": "sha256-7SP5JpKu84dM+EYIJ5Zhc8cK6RJdhwlWmIMN4lJW/Aw=",
        "owner": "nvim-treesitter",
        "repo": "nvim-treesitter",
        "rev": "1f68918e096209da42a7b1ea3fbd8cb79fa9f3e5",
        "type": "github"
      },
      "original": {
        "owner": "nvim-treesitter",
        "repo": "nvim-treesitter",
        "type": "github"
      }
    },
    "nvim-treesitter-context": {
      "flake": false,
      "locked": {
        "lastModified": 1633409098,
        "narHash": "sha256-lPKOcmeXyjsEDjdZedxgP6oExV+839cpr9qlpiti43U=",
        "owner": "romgrk",
        "repo": "nvim-treesitter-context",
        "rev": "e1f54e1627176337b3803a11403ac0e9d09de818",
        "type": "github"
      },
      "original": {
        "owner": "romgrk",
        "repo": "nvim-treesitter-context",
        "type": "github"
      }
    },
    "nvim-web-devicons": {
      "flake": false,
      "locked": {
        "lastModified": 1637498696,
        "narHash": "sha256-a6vlRuNAa5oJy5AFp0SjqNUwSE/kc8jaII7T9IcG+Kw=",
        "owner": "kyazdani42",
        "repo": "nvim-web-devicons",
        "rev": "8df4988ecf8599fc1f8f387bbf2eae790e4c5ffb",
        "type": "github"
      },
      "original": {
        "owner": "kyazdani42",
        "repo": "nvim-web-devicons",
        "type": "github"
      }
    },
    "nvim-which-key": {
      "flake": false,
      "locked": {
        "lastModified": 1634901535,
        "narHash": "sha256-mgLmwP8ci9VjRiwBedZDPXi6CjNtJy3iOJDbmSXtisk=",
        "owner": "folke",
        "repo": "which-key.nvim",
        "rev": "d3032b6d3e0adb667975170f626cb693bfc66baa",
        "type": "github"
      },
      "original": {
        "owner": "folke",
        "repo": "which-key.nvim",
        "type": "github"
      }
    },
    "plenary-nvim": {
      "flake": false,
      "locked": {
        "lastModified": 1636882608,
        "narHash": "sha256-JAy4VL/jU+j3pxTvdbe5BlIwdEix4uA1xHxQCKYyqxw=",
        "owner": "nvim-lua",
        "repo": "plenary.nvim",
        "rev": "1c31adb35fcebe921f65e5c6ff6d5481fa5fa5ac",
        "type": "github"
      },
      "original": {
        "owner": "nvim-lua",
        "repo": "plenary.nvim",
        "type": "github"
      }
    },
    "popup-nvim": {
      "flake": false,
      "locked": {
        "lastModified": 1637254091,
        "narHash": "sha256-dNWz/xovUg55fDZUpVs/2kLphk3lqQyvPtc9ATwbeSQ=",
        "owner": "nvim-lua",
        "repo": "popup.nvim",
        "rev": "b7404d35d5d3548a82149238289fa71f7f6de4ac",
        "type": "github"
      },
      "original": {
        "owner": "nvim-lua",
        "repo": "popup.nvim",
        "type": "github"
      }
    },
    "rnix-lsp": {
      "inputs": {
        "naersk": "naersk",
        "nixpkgs": "nixpkgs_2",
        "utils": "utils"
      },
      "locked": {
        "lastModified": 1636977689,
        "narHash": "sha256-pQmAxKBoEhC851iRsowMErz9CYiJxGpARjhPeSapH1Y=",
        "owner": "nix-community",
        "repo": "rnix-lsp",
        "rev": "9462b0d20325a06f7e43b5a0469ec2c92e60f5fe",
        "type": "github"
      },
      "original": {
        "owner": "nix-community",
        "repo": "rnix-lsp",
        "type": "github"
      }
    },
    "root": {
      "inputs": {
        "home-manager": "home-manager",
        "neovim-flake": "neovim-flake",
        "nixos-hardware": "nixos-hardware",
        "nixpkgs": "nixpkgs_3"
      }
    },
    "utils": {
      "locked": {
        "lastModified": 1629481132,
        "narHash": "sha256-JHgasjPR0/J1J3DRm4KxM4zTyAj4IOJY8vIl75v/kPI=",
        "owner": "numtide",
        "repo": "flake-utils",
        "rev": "997f7efcb746a9c140ce1f13c72263189225f482",
        "type": "github"
      },
      "original": {
        "owner": "numtide",
        "repo": "flake-utils",
        "type": "github"
      }
    },
    "vim-css-color": {
      "flake": false,
      "locked": {
        "lastModified": 1622337874,
        "narHash": "sha256-eiZiCwJX2KO83J2f4yMlpcNDV+ReXk1rsSgjjLIT1xY=",
        "owner": "ap",
        "repo": "vim-css-color",
        "rev": "7337c35588e9027b516f80f03c3b9621a271e168",
        "type": "github"
      },
      "original": {
        "owner": "ap",
        "repo": "vim-css-color",
        "type": "github"
      }
    },
    "vim-gitgutter": {
      "flake": false,
      "locked": {
        "lastModified": 1631023800,
        "narHash": "sha256-9C76ft/YngzIrjf7NIRlEgx3qUuOZjcmwBqpVDQ76n4=",
        "owner": "airblade",
        "repo": "vim-gitgutter",
        "rev": "256702dd1432894b3607d3de6cd660863b331818",
        "type": "github"
      },
      "original": {
        "owner": "airblade",
        "repo": "vim-gitgutter",
        "type": "github"
      }
    },
    "vim-nix": {
      "flake": false,
      "locked": {
        "lastModified": 1622231877,
        "narHash": "sha256-wQzNXfE7JFalgiCQ2ksPAUyFKacmJV7mNKmKDe9jySI=",
        "owner": "LnL7",
        "repo": "vim-nix",
        "rev": "63b47b39c8d481ebca3092822ca8972e08df769b",
        "type": "github"
      },
      "original": {
        "owner": "LnL7",
        "repo": "vim-nix",
        "type": "github"
      }
    },
    "vim-test": {
      "flake": false,
      "locked": {
        "lastModified": 1636539726,
        "narHash": "sha256-UfCJdtI15+DiKsnN5UJY//IhLXHO2ekst7KnIFOoRQ8=",
        "owner": "vim-test",
        "repo": "vim-test",
        "rev": "8d942aa3b0eea1d53cccd1ee87a241b651f485ee",
        "type": "github"
      },
      "original": {
        "owner": "vim-test",
        "repo": "vim-test",
        "type": "github"
      }
    },
    "vim-tmux-navigator": {
      "flake": false,
      "locked": {
        "lastModified": 1633898283,
        "narHash": "sha256-Zz0gmp/32h/KF3qygUPy2d8/jfqJJXHogPw4zvEiG4c=",
        "owner": "christoomey",
        "repo": "vim-tmux-navigator",
        "rev": "9ca5bfe5bd274051b5dd796cc150348afc993b80",
        "type": "github"
      },
      "original": {
        "owner": "christoomey",
        "repo": "vim-tmux-navigator",
        "type": "github"
      }
    },
    "vimwiki": {
      "flake": false,
      "locked": {
        "lastModified": 1590529171,
        "narHash": "sha256-XAa+jYIBWFiG6Q8rxtZQw7HYzc97SGn0aXwNKjdhsQ0=",
        "owner": "vimwiki",
        "repo": "vimwiki",
        "rev": "619f04f89861c58e5a6415a4f83847752928252d",
        "type": "github"
      },
      "original": {
        "owner": "vimwiki",
        "repo": "vimwiki",
        "type": "github"
      }
    }
  },
  "root": "root",
  "version": 7
}
